
Microsoft Visual Studio Solution File, Format Version 12.00
# Visual Studio Version 16
VisualStudioVersion = 16.0.31729.503
MinimumVisualStudioVersion = 10.0.40219.1
Project("{FAE04EC0-301F-11D3-BF4B-00C04F79EFBC}") = "SecondLesson", "SecondLesson\SecondLesson.csproj", "{201D182D-9A73-4CDB-A67B-62DC9FEB3469}"
EndProject
Global
	GlobalSection(SolutionConfigurationPlatforms) = preSolution
		Debug|Any CPU = Debug|Any CPU
		Release|Any CPU = Release|Any CPU
	EndGlobalSection
	GlobalSection(ProjectConfigurationPlatforms) = postSolution
		{201D182D-9A73-4CDB-A67B-62DC9FEB3469}.Debug|Any CPU.ActiveCfg = Debug|Any CPU
		{201D182D-9A73-4CDB-A67B-62DC9FEB3469}.Debug|Any CPU.Build.0 = Debug|Any CPU
		{201D182D-9A73-4CDB-A67B-62DC9FEB3469}.Release|Any CPU.ActiveCfg = Release|Any CPU
		{201D182D-9A73-4CDB-A67B-62DC9FEB3469}.Release|Any CPU.Build.0 = Release|Any CPU
	EndGlobalSection
	GlobalSection(SolutionProperties) = preSolution
		HideSolutionNode = FALSE
	EndGlobalSection
	GlobalSection(ExtensibilityGlobals) = postSolution
		SolutionGuid = {0FF4ED3E-CC69-429C-9EA4-F35147EEC6E1}
	EndGlobalSection
EndGlobal
