
Microsoft Visual Studio Solution File, Format Version 12.00
# Visual Studio Version 16
VisualStudioVersion = 16.0.31911.196
MinimumVisualStudioVersion = 10.0.40219.1
Project("{9A19103F-16F7-4668-BE54-9A1E7A4F7556}") = "Lesson11Exercise", "Lesson11\Lesson11Exercise.csproj", "{6E4836F9-2571-4713-A0AC-F49693564C34}"
EndProject
Global
	GlobalSection(SolutionConfigurationPlatforms) = preSolution
		Debug|Any CPU = Debug|Any CPU
		Release|Any CPU = Release|Any CPU
	EndGlobalSection
	GlobalSection(ProjectConfigurationPlatforms) = postSolution
		{6E4836F9-2571-4713-A0AC-F49693564C34}.Debug|Any CPU.ActiveCfg = Debug|Any CPU
		{6E4836F9-2571-4713-A0AC-F49693564C34}.Debug|Any CPU.Build.0 = Debug|Any CPU
		{6E4836F9-2571-4713-A0AC-F49693564C34}.Release|Any CPU.ActiveCfg = Release|Any CPU
		{6E4836F9-2571-4713-A0AC-F49693564C34}.Release|Any CPU.Build.0 = Release|Any CPU
	EndGlobalSection
	GlobalSection(SolutionProperties) = preSolution
		HideSolutionNode = FALSE
	EndGlobalSection
	GlobalSection(ExtensibilityGlobals) = postSolution
		SolutionGuid = {4A354AC2-22DA-4A93-8E92-975672ECFBE8}
	EndGlobalSection
EndGlobal
